
Microsoft Visual Studio Solution File, Format Version 12.00
# Visual Studio Version 17
VisualStudioVersion = 17.14.36616.10
MinimumVisualStudioVersion = 10.0.40219.1
Project("{FAE04EC0-301F-11D3-BF4B-00C04F79EFBC}") = "BankAccountLibrary", "BankAccountLibrary\BankAccountLibrary.csproj", "{4BBE7EDA-0419-4095-AA90-A9BE94DFF19C}"
EndProject
Project("{FAE04EC0-301F-11D3-BF4B-00C04F79EFBC}") = "BankAccountUsages", "BankAccountUsages\BankAccountUsages.csproj", "{FA37F6A2-9775-48C3-9577-206E8CAF2401}"
EndProject
Project("{FAE04EC0-301F-11D3-BF4B-00C04F79EFBC}") = "TestAccount", "TestAccount\TestAccount.csproj", "{D47256BC-D0A1-4490-903D-0C8330C4E9B0}"
EndProject
Global
	GlobalSection(SolutionConfigurationPlatforms) = preSolution
		Debug|Any CPU = Debug|Any CPU
		Release|Any CPU = Release|Any CPU
	EndGlobalSection
	GlobalSection(ProjectConfigurationPlatforms) = postSolution
		{4BBE7EDA-0419-4095-AA90-A9BE94DFF19C}.Debug|Any CPU.ActiveCfg = Debug|Any CPU
		{4BBE7EDA-0419-4095-AA90-A9BE94DFF19C}.Debug|Any CPU.Build.0 = Debug|Any CPU
		{4BBE7EDA-0419-4095-AA90-A9BE94DFF19C}.Release|Any CPU.ActiveCfg = Release|Any CPU
		{4BBE7EDA-0419-4095-AA90-A9BE94DFF19C}.Release|Any CPU.Build.0 = Release|Any CPU
		{FA37F6A2-9775-48C3-9577-206E8CAF2401}.Debug|Any CPU.ActiveCfg = Debug|Any CPU
		{FA37F6A2-9775-48C3-9577-206E8CAF2401}.Debug|Any CPU.Build.0 = Debug|Any CPU
		{FA37F6A2-9775-48C3-9577-206E8CAF2401}.Release|Any CPU.ActiveCfg = Release|Any CPU
		{FA37F6A2-9775-48C3-9577-206E8CAF2401}.Release|Any CPU.Build.0 = Release|Any CPU
		{D47256BC-D0A1-4490-903D-0C8330C4E9B0}.Debug|Any CPU.ActiveCfg = Debug|Any CPU
		{D47256BC-D0A1-4490-903D-0C8330C4E9B0}.Debug|Any CPU.Build.0 = Debug|Any CPU
		{D47256BC-D0A1-4490-903D-0C8330C4E9B0}.Release|Any CPU.ActiveCfg = Release|Any CPU
		{D47256BC-D0A1-4490-903D-0C8330C4E9B0}.Release|Any CPU.Build.0 = Release|Any CPU
	EndGlobalSection
	GlobalSection(SolutionProperties) = preSolution
		HideSolutionNode = FALSE
	EndGlobalSection
	GlobalSection(ExtensibilityGlobals) = postSolution
		SolutionGuid = {FB4432FF-3CF2-40C4-8E16-C4E2AAF06296}
	EndGlobalSection
EndGlobal
